
Microsoft Visual Studio Solution File, Format Version 12.00
# Visual Studio Version 16
VisualStudioVersion = 16.0.30114.105
MinimumVisualStudioVersion = 10.0.40219.1
Project("{FAE04EC0-301F-11D3-BF4B-00C04F79EFBC}") = "WebsiteStatus", "WebsiteStatus\WebsiteStatus.csproj", "{70F1D384-F8CA-4482-B54C-9AEEEC4DD862}"
EndProject
Global
	GlobalSection(SolutionConfigurationPlatforms) = preSolution
		Debug|Any CPU = Debug|Any CPU
		Release|Any CPU = Release|Any CPU
	EndGlobalSection
	GlobalSection(ProjectConfigurationPlatforms) = postSolution
		{70F1D384-F8CA-4482-B54C-9AEEEC4DD862}.Debug|Any CPU.ActiveCfg = Debug|Any CPU
		{70F1D384-F8CA-4482-B54C-9AEEEC4DD862}.Debug|Any CPU.Build.0 = Debug|Any CPU
		{70F1D384-F8CA-4482-B54C-9AEEEC4DD862}.Release|Any CPU.ActiveCfg = Release|Any CPU
		{70F1D384-F8CA-4482-B54C-9AEEEC4DD862}.Release|Any CPU.Build.0 = Release|Any CPU
	EndGlobalSection
	GlobalSection(SolutionProperties) = preSolution
		HideSolutionNode = FALSE
	EndGlobalSection
	GlobalSection(ExtensibilityGlobals) = postSolution
		SolutionGuid = {487F156F-5167-42F1-8070-2FE04A007D89}
	EndGlobalSection
EndGlobal
